// !$*UTF8*$!
{
	archiveVersion = 1;
	classes = {
	};
	objectVersion = 46;
	objects = {

/* Begin PBXBuildFile section */
		51C6CB831E5D7D5A00225E1F /* coord+color.cpp in Sources */ = {isa = PBXBuildFile; fileRef = 51C6CB821E5D7D5A00225E1F /* coord+color.cpp */; };
/* End PBXBuildFile section */

/* Begin PBXCopyFilesBuildPhase section */
		5192B59B1E5C3C7200CC9A3B /* CopyFiles */ = {
			isa = PBXCopyFilesBuildPhase;
			buildActionMask = 2147483647;
			dstPath = /usr/share/man/man1/;
			dstSubfolderSpec = 0;
			files = (
			);
			runOnlyForDeploymentPostprocessing = 1;
		};
/* End PBXCopyFilesBuildPhase section */

/* Begin PBXFileReference section */
		5192B59D1E5C3C7200CC9A3B /* playground-modern */ = {isa = PBXFileReference; explicitFileType = "compiled.mach-o.executable"; includeInIndex = 0; path = "playground-modern"; sourceTree = BUILT_PRODUCTS_DIR; };
		5192B5A01E5C3C7200CC9A3B /* hellomodern.cpp */ = {isa = PBXFileReference; lastKnownFileType = sourcecode.cpp.cpp; path = hellomodern.cpp; sourceTree = "<group>"; };
		51C6CB7C1E5D6A1300225E1F /* multipleshaders.cpp */ = {isa = PBXFileReference; fileEncoding = 4; lastKnownFileType = sourcecode.cpp.cpp; path = multipleshaders.cpp; sourceTree = "<group>"; };
		51C6CB7F1E5D79D600225E1F /* uniform.cpp */ = {isa = PBXFileReference; fileEncoding = 4; lastKnownFileType = sourcecode.cpp.cpp; path = uniform.cpp; sourceTree = "<group>"; };
		51C6CB821E5D7D5A00225E1F /* coord+color.cpp */ = {isa = PBXFileReference; fileEncoding = 4; lastKnownFileType = sourcecode.cpp.cpp; path = "coord+color.cpp"; sourceTree = "<group>"; };
		51F36AC71E5CEE8000210C78 /* vertex_shader.glsl */ = {isa = PBXFileReference; fileEncoding = 4; lastKnownFileType = text; path = vertex_shader.glsl; sourceTree = "<group>"; };
		51F36AC81E5CF0F200210C78 /* fragment_shader.glsl */ = {isa = PBXFileReference; fileEncoding = 4; lastKnownFileType = text.xml; path = fragment_shader.glsl; sourceTree = "<group>"; };
/* End PBXFileReference section */

/* Begin PBXFrameworksBuildPhase section */
		5192B59A1E5C3C7200CC9A3B /* Frameworks */ = {
			isa = PBXFrameworksBuildPhase;
			buildActionMask = 2147483647;
			files = (
			);
			runOnlyForDeploymentPostprocessing = 0;
		};
/* End PBXFrameworksBuildPhase section */

/* Begin PBXGroup section */
		5192B5941E5C3C7200CC9A3B = {
			isa = PBXGroup;
			children = (
				5192B59F1E5C3C7200CC9A3B /* playground-modern */,
				5192B59E1E5C3C7200CC9A3B /* Products */,
			);
			sourceTree = "<group>";
		};
		5192B59E1E5C3C7200CC9A3B /* Products */ = {
			isa = PBXGroup;
			children = (
				5192B59D1E5C3C7200CC9A3B /* playground-modern */,
			);
			name = Products;
			sourceTree = "<group>";
		};
		5192B59F1E5C3C7200CC9A3B /* playground-modern */ = {
			isa = PBXGroup;
			children = (
				51C6CB841E5D811C00225E1F /* util */,
				51C6CB811E5D7D1700225E1F /* coord+color */,
				51C6CB7E1E5D79B300225E1F /* uniform */,
				51C6CB7B1E5D69E100225E1F /* excercises */,
				51F36AC61E5CEE6700210C78 /* hellomodern */,
			);
			path = "playground-modern";
			sourceTree = "<group>";
		};
		51C6CB7B1E5D69E100225E1F /* excercises */ = {
			isa = PBXGroup;
			children = (
				51C6CB7C1E5D6A1300225E1F /* multipleshaders.cpp */,
			);
			name = excercises;
			sourceTree = "<group>";
		};
		51C6CB7E1E5D79B300225E1F /* uniform */ = {
			isa = PBXGroup;
			children = (
				51C6CB7F1E5D79D600225E1F /* uniform.cpp */,
			);
			name = uniform;
			sourceTree = "<group>";
		};
		51C6CB811E5D7D1700225E1F /* coord+color */ = {
			isa = PBXGroup;
			children = (
				51C6CB821E5D7D5A00225E1F /* coord+color.cpp */,
			);
			name = "coord+color";
			sourceTree = "<group>";
		};
		51C6CB841E5D811C00225E1F /* util */ = {
			isa = PBXGroup;
			children = (
			);
			name = util;
			sourceTree = "<group>";
		};
		51F36AC61E5CEE6700210C78 /* hellomodern */ = {
			isa = PBXGroup;
			children = (
				5192B5A01E5C3C7200CC9A3B /* hellomodern.cpp */,
				51F36AC81E5CF0F200210C78 /* fragment_shader.glsl */,
				51F36AC71E5CEE8000210C78 /* vertex_shader.glsl */,
			);
			name = hellomodern;
			sourceTree = "<group>";
		};
/* End PBXGroup section */

/* Begin PBXNativeTarget section */
		5192B59C1E5C3C7200CC9A3B /* playground-modern */ = {
			isa = PBXNativeTarget;
			buildConfigurationList = 5192B5A41E5C3C7200CC9A3B /* Build configuration list for PBXNativeTarget "playground-modern" */;
			buildPhases = (
				5192B5991E5C3C7200CC9A3B /* Sources */,
				5192B59A1E5C3C7200CC9A3B /* Frameworks */,
				5192B59B1E5C3C7200CC9A3B /* CopyFiles */,
			);
			buildRules = (
			);
			dependencies = (
			);
			name = "playground-modern";
			productName = "playground-modern";
			productReference = 5192B59D1E5C3C7200CC9A3B /* playground-modern */;
			productType = "com.apple.product-type.tool";
		};
/* End PBXNativeTarget section */

/* Begin PBXProject section */
		5192B5951E5C3C7200CC9A3B /* Project object */ = {
			isa = PBXProject;
			attributes = {
				LastUpgradeCheck = 0820;
				ORGANIZATIONNAME = "Terna Kpamber";
				TargetAttributes = {
					5192B59C1E5C3C7200CC9A3B = {
						CreatedOnToolsVersion = 8.2.1;
						ProvisioningStyle = Automatic;
					};
				};
			};
			buildConfigurationList = 5192B5981E5C3C7200CC9A3B /* Build configuration list for PBXProject "playground-modern" */;
			compatibilityVersion = "Xcode 3.2";
			developmentRegion = English;
			hasScannedForEncodings = 0;
			knownRegions = (
				en,
			);
			mainGroup = 5192B5941E5C3C7200CC9A3B;
			productRefGroup = 5192B59E1E5C3C7200CC9A3B /* Products */;
			projectDirPath = "";
			projectRoot = "";
			targets = (
				5192B59C1E5C3C7200CC9A3B /* playground-modern */,
			);
		};
/* End PBXProject section */

/* Begin PBXSourcesBuildPhase section */
		5192B5991E5C3C7200CC9A3B /* Sources */ = {
			isa = PBXSourcesBuildPhase;
			buildActionMask = 2147483647;
			files = (
				51C6CB831E5D7D5A00225E1F /* coord+color.cpp in Sources */,
			);
			runOnlyForDeploymentPostprocessing = 0;
		};
/* End PBXSourcesBuildPhase section */

/* Begin XCBuildConfiguration section */
		5192B5A21E5C3C7200CC9A3B /* Debug */ = {
			isa = XCBuildConfiguration;
			buildSettings = {
				ALWAYS_SEARCH_USER_PATHS = NO;
				CLANG_ANALYZER_NONNULL = YES;
				CLANG_CXX_LANGUAGE_STANDARD = "gnu++0x";
				CLANG_CXX_LIBRARY = "libc++";
				CLANG_ENABLE_MODULES = YES;
				CLANG_ENABLE_OBJC_ARC = YES;
				CLANG_WARN_BOOL_CONVERSION = YES;
				CLANG_WARN_CONSTANT_CONVERSION = YES;
				CLANG_WARN_DIRECT_OBJC_ISA_USAGE = YES_ERROR;
				CLANG_WARN_DOCUMENTATION_COMMENTS = YES;
				CLANG_WARN_EMPTY_BODY = YES;
				CLANG_WARN_ENUM_CONVERSION = YES;
				CLANG_WARN_INFINITE_RECURSION = YES;
				CLANG_WARN_INT_CONVERSION = YES;
				CLANG_WARN_OBJC_ROOT_CLASS = YES_ERROR;
				CLANG_WARN_SUSPICIOUS_MOVE = YES;
				CLANG_WARN_UNREACHABLE_CODE = YES;
				CLANG_WARN__DUPLICATE_METHOD_MATCH = YES;
				CODE_SIGN_IDENTITY = "-";
				COPY_PHASE_STRIP = NO;
				DEBUG_INFORMATION_FORMAT = dwarf;
				ENABLE_STRICT_OBJC_MSGSEND = YES;
				ENABLE_TESTABILITY = YES;
				GCC_C_LANGUAGE_STANDARD = gnu99;
				GCC_DYNAMIC_NO_PIC = NO;
				GCC_NO_COMMON_BLOCKS = YES;
				GCC_OPTIMIZATION_LEVEL = 0;
				GCC_PREPROCESSOR_DEFINITIONS = (
					"DEBUG=1",
					"$(inherited)",
				);
				GCC_WARN_64_TO_32_BIT_CONVERSION = YES;
				GCC_WARN_ABOUT_RETURN_TYPE = YES_ERROR;
				GCC_WARN_UNDECLARED_SELECTOR = YES;
				GCC_WARN_UNINITIALIZED_AUTOS = YES_AGGRESSIVE;
				GCC_WARN_UNUSED_FUNCTION = YES;
				GCC_WARN_UNUSED_VARIABLE = YES;
				MACOSX_DEPLOYMENT_TARGET = 10.12;
				MTL_ENABLE_DEBUG_INFO = YES;
				ONLY_ACTIVE_ARCH = YES;
				SDKROOT = macosx;
			};
			name = Debug;
		};
		5192B5A31E5C3C7200CC9A3B /* Release */ = {
			isa = XCBuildConfiguration;
			buildSettings = {
				ALWAYS_SEARCH_USER_PATHS = NO;
				CLANG_ANALYZER_NONNULL = YES;
				CLANG_CXX_LANGUAGE_STANDARD = "gnu++0x";
				CLANG_CXX_LIBRARY = "libc++";
				CLANG_ENABLE_MODULES = YES;
				CLANG_ENABLE_OBJC_ARC = YES;
				CLANG_WARN_BOOL_CONVERSION = YES;
				CLANG_WARN_CONSTANT_CONVERSION = YES;
				CLANG_WARN_DIRECT_OBJC_ISA_USAGE = YES_ERROR;
				CLANG_WARN_DOCUMENTATION_COMMENTS = YES;
				CLANG_WARN_EMPTY_BODY = YES;
				CLANG_WARN_ENUM_CONVERSION = YES;
				CLANG_WARN_INFINITE_RECURSION = YES;
				CLANG_WARN_INT_CONVERSION = YES;
				CLANG_WARN_OBJC_ROOT_CLASS = YES_ERROR;
				CLANG_WARN_SUSPICIOUS_MOVE = YES;
				CLANG_WARN_UNREACHABLE_CODE = YES;
				CLANG_WARN__DUPLICATE_METHOD_MATCH = YES;
				CODE_SIGN_IDENTITY = "-";
				COPY_PHASE_STRIP = NO;
				DEBUG_INFORMATION_FORMAT = "dwarf-with-dsym";
				ENABLE_NS_ASSERTIONS = NO;
				ENABLE_STRICT_OBJC_MSGSEND = YES;
				GCC_C_LANGUAGE_STANDARD = gnu99;
				GCC_NO_COMMON_BLOCKS = YES;
				GCC_WARN_64_TO_32_BIT_CONVERSION = YES;
				GCC_WARN_ABOUT_RETURN_TYPE = YES_ERROR;
				GCC_WARN_UNDECLARED_SELECTOR = YES;
				GCC_WARN_UNINITIALIZED_AUTOS = YES_AGGRESSIVE;
				GCC_WARN_UNUSED_FUNCTION = YES;
				GCC_WARN_UNUSED_VARIABLE = YES;
				MACOSX_DEPLOYMENT_TARGET = 10.12;
				MTL_ENABLE_DEBUG_INFO = NO;
				SDKROOT = macosx;
			};
			name = Release;
		};
		5192B5A51E5C3C7200CC9A3B /* Debug */ = {
			isa = XCBuildConfiguration;
			buildSettings = {
				CLANG_WARN_DOCUMENTATION_COMMENTS = NO;
				HEADER_SEARCH_PATHS = /usr/local/include;
				LIBRARY_SEARCH_PATHS = /usr/local/lib;
				OTHER_LDFLAGS = (
					"-lglfw",
					"-lGLEW",
					"-framework",
					OPENGL,
				);
				PRODUCT_NAME = "$(TARGET_NAME)";
			};
			name = Debug;
		};
		5192B5A61E5C3C7200CC9A3B /* Release */ = {
			isa = XCBuildConfiguration;
			buildSettings = {
				CLANG_WARN_DOCUMENTATION_COMMENTS = NO;
				HEADER_SEARCH_PATHS = /usr/local/include;
				LIBRARY_SEARCH_PATHS = /usr/local/lib;
				OTHER_LDFLAGS = (
					"-lglfw",
					"-lGLEW",
					"-framework",
					OPENGL,
				);
				PRODUCT_NAME = "$(TARGET_NAME)";
			};
			name = Release;
		};
/* End XCBuildConfiguration section */

/* Begin XCConfigurationList section */
		5192B5981E5C3C7200CC9A3B /* Build configuration list for PBXProject "playground-modern" */ = {
			isa = XCConfigurationList;
			buildConfigurations = (
				5192B5A21E5C3C7200CC9A3B /* Debug */,
				5192B5A31E5C3C7200CC9A3B /* Release */,
			);
			defaultConfigurationIsVisible = 0;
			defaultConfigurationName = Release;
		};
		5192B5A41E5C3C7200CC9A3B /* Build configuration list for PBXNativeTarget "playground-modern" */ = {
			isa = XCConfigurationList;
			buildConfigurations = (
				5192B5A51E5C3C7200CC9A3B /* Debug */,
				5192B5A61E5C3C7200CC9A3B /* Release */,
			);
			defaultConfigurationIsVisible = 0;
			defaultConfigurationName = Release;
		};
/* End XCConfigurationList section */
	};
	rootObject = 5192B5951E5C3C7200CC9A3B /* Project object */;
}
