// !$*UTF8*$!
{
	archiveVersion = 1;
	classes = {
	};
	objectVersion = 46;
	objects = {

/* Begin PBXBuildFile section */
		513D615B1E67F43200576470 /* skybox_vertexshader.glsl in CopyFiles */ = {isa = PBXBuildFile; fileRef = 513D61591E67F0F100576470 /* skybox_vertexshader.glsl */; };
		513D615C1E67F43400576470 /* skybox_fragmentshader.glsl in CopyFiles */ = {isa = PBXBuildFile; fileRef = 513D615A1E67F19700576470 /* skybox_fragmentshader.glsl */; };
		513D615F1E68044B00576470 /* Camera.cpp in Sources */ = {isa = PBXBuildFile; fileRef = 513D615D1E68044B00576470 /* Camera.cpp */; };
		513D61631E69377900576470 /* environmentmapping.cpp in Sources */ = {isa = PBXBuildFile; fileRef = 513D61611E69377900576470 /* environmentmapping.cpp */; };
		513D61661E6939F400576470 /* environmentmapping_vertexshader.glsl in Sources */ = {isa = PBXBuildFile; fileRef = 513D61641E6939F400576470 /* environmentmapping_vertexshader.glsl */; };
		513D61671E693A9D00576470 /* environmentmapping_vertexshader.glsl in CopyFiles */ = {isa = PBXBuildFile; fileRef = 513D61641E6939F400576470 /* environmentmapping_vertexshader.glsl */; };
		5189748D1E677A8B00AE5290 /* fragment_shaderStencil.glsl in CopyFiles */ = {isa = PBXBuildFile; fileRef = 5189748C1E67793500AE5290 /* fragment_shaderStencil.glsl */; };
		51C6CB871E5D816700225E1F /* Shader.cpp in Sources */ = {isa = PBXBuildFile; fileRef = 51C6CB851E5D816700225E1F /* Shader.cpp */; };
		51C6CB8A1E5D86E100225E1F /* fragment_shader.glsl in CopyFiles */ = {isa = PBXBuildFile; fileRef = 51F36AC81E5CF0F200210C78 /* fragment_shader.glsl */; };
		51C6CB8B1E5D86E300225E1F /* vertex_shader.glsl in CopyFiles */ = {isa = PBXBuildFile; fileRef = 51F36AC71E5CEE8000210C78 /* vertex_shader.glsl */; };
		51C6CBA41E60096100225E1F /* lighting_fragmentshader.glsl in CopyFiles */ = {isa = PBXBuildFile; fileRef = 51C6CBA01E60065D00225E1F /* lighting_fragmentshader.glsl */; };
		51C6CBA61E600B2900225E1F /* GLNode.cpp in Sources */ = {isa = PBXBuildFile; fileRef = 51C6CB9B1E5ED9AF00225E1F /* GLNode.cpp */; };
		51C6CBAA1E60118000225E1F /* lighting_fragmentshader_objects.glsl in CopyFiles */ = {isa = PBXBuildFile; fileRef = 51C6CBA91E60113000225E1F /* lighting_fragmentshader_objects.glsl */; };
		51C6CBAC1E60125E00225E1F /* lighting_vertexshader.glsl in CopyFiles */ = {isa = PBXBuildFile; fileRef = 51C6CBAB1E60121A00225E1F /* lighting_vertexshader.glsl */; };
		51C6CBB41E61759B00225E1F /* Material.cpp in Sources */ = {isa = PBXBuildFile; fileRef = 51C6CBB31E61759B00225E1F /* Material.cpp */; };
		51C6CBB71E617DC800225E1F /* Light.cpp in Sources */ = {isa = PBXBuildFile; fileRef = 51C6CBB51E617DC800225E1F /* Light.cpp */; };
		51C6CBBA1E618C4F00225E1F /* GLTextureNode.cpp in Sources */ = {isa = PBXBuildFile; fileRef = 51C6CBB81E618C4F00225E1F /* GLTextureNode.cpp */; };
		51C6CBBF1E6272C600225E1F /* TextureMaterial.cpp in Sources */ = {isa = PBXBuildFile; fileRef = 51C6CBBD1E6272C600225E1F /* TextureMaterial.cpp */; };
		51C6CBC71E62893700225E1F /* Texture.cpp in Sources */ = {isa = PBXBuildFile; fileRef = 51C6CBC61E62893700225E1F /* Texture.cpp */; };
		51C6CBD51E62D26A00225E1F /* specular.jpg in CopyFiles */ = {isa = PBXBuildFile; fileRef = 51C6CBD41E62D26200225E1F /* specular.jpg */; };
		51C6CBD81E62D38C00225E1F /* wood_diffuse.jpg in CopyFiles */ = {isa = PBXBuildFile; fileRef = 51C6CBD61E62D38200225E1F /* wood_diffuse.jpg */; };
		51C6CBD91E62D38F00225E1F /* wood_spec.jpg in CopyFiles */ = {isa = PBXBuildFile; fileRef = 51C6CBD71E62D38200225E1F /* wood_spec.jpg */; };
		51F36AD91E5E1B1F00210C78 /* fragment_shaderTexture.glsl in CopyFiles */ = {isa = PBXBuildFile; fileRef = 51F36AD71E5E138000210C78 /* fragment_shaderTexture.glsl */; };
		51F36ADA1E5E1B2100210C78 /* vertex_shaderTexture.glsl in CopyFiles */ = {isa = PBXBuildFile; fileRef = 51F36AD61E5E136A00210C78 /* vertex_shaderTexture.glsl */; };
		51F36AE11E5E1FC000210C78 /* texture1.jpg in CopyFiles */ = {isa = PBXBuildFile; fileRef = 51F36AE01E5E1FB900210C78 /* texture1.jpg */; };
		51F36AE31E5E20F200210C78 /* texture2.jpg in CopyFiles */ = {isa = PBXBuildFile; fileRef = 51F36AE21E5E20E500210C78 /* texture2.jpg */; };
		51F36AE91E5E31BB00210C78 /* fragment_shaderTranslate.glsl in CopyFiles */ = {isa = PBXBuildFile; fileRef = 51F36AE71E5E31A700210C78 /* fragment_shaderTranslate.glsl */; };
		51F36AEA1E5E31BE00210C78 /* vertex_shaderTranslate.glsl in CopyFiles */ = {isa = PBXBuildFile; fileRef = 51F36AE81E5E31A700210C78 /* vertex_shaderTranslate.glsl */; };
		51F36AF01E5E4F4600210C78 /* fragment_shaderCamera.glsl in CopyFiles */ = {isa = PBXBuildFile; fileRef = 51F36AEE1E5E4C8B00210C78 /* fragment_shaderCamera.glsl */; };
		51F36AF11E5E4F4900210C78 /* vertex_shaderCamera.glsl in CopyFiles */ = {isa = PBXBuildFile; fileRef = 51F36AEF1E5E4C8B00210C78 /* vertex_shaderCamera.glsl */; };
/* End PBXBuildFile section */

/* Begin PBXCopyFilesBuildPhase section */
		5192B59B1E5C3C7200CC9A3B /* CopyFiles */ = {
			isa = PBXCopyFilesBuildPhase;
			buildActionMask = 12;
			dstPath = "";
			dstSubfolderSpec = 6;
			files = (
				513D61671E693A9D00576470 /* environmentmapping_vertexshader.glsl in CopyFiles */,
				513D615B1E67F43200576470 /* skybox_vertexshader.glsl in CopyFiles */,
				513D615C1E67F43400576470 /* skybox_fragmentshader.glsl in CopyFiles */,
				5189748D1E677A8B00AE5290 /* fragment_shaderStencil.glsl in CopyFiles */,
				51F36AF01E5E4F4600210C78 /* fragment_shaderCamera.glsl in CopyFiles */,
				51F36AEA1E5E31BE00210C78 /* vertex_shaderTranslate.glsl in CopyFiles */,
				51F36AE91E5E31BB00210C78 /* fragment_shaderTranslate.glsl in CopyFiles */,
				51C6CBAC1E60125E00225E1F /* lighting_vertexshader.glsl in CopyFiles */,
				51F36AE11E5E1FC000210C78 /* texture1.jpg in CopyFiles */,
				51F36AE31E5E20F200210C78 /* texture2.jpg in CopyFiles */,
				51C6CBD51E62D26A00225E1F /* specular.jpg in CopyFiles */,
				51C6CBD81E62D38C00225E1F /* wood_diffuse.jpg in CopyFiles */,
				51C6CBD91E62D38F00225E1F /* wood_spec.jpg in CopyFiles */,
				51C6CBAA1E60118000225E1F /* lighting_fragmentshader_objects.glsl in CopyFiles */,
				51C6CBA41E60096100225E1F /* lighting_fragmentshader.glsl in CopyFiles */,
				51C6CB8A1E5D86E100225E1F /* fragment_shader.glsl in CopyFiles */,
				51C6CB8B1E5D86E300225E1F /* vertex_shader.glsl in CopyFiles */,
				51F36AD91E5E1B1F00210C78 /* fragment_shaderTexture.glsl in CopyFiles */,
				51F36AF11E5E4F4900210C78 /* vertex_shaderCamera.glsl in CopyFiles */,
				51F36ADA1E5E1B2100210C78 /* vertex_shaderTexture.glsl in CopyFiles */,
			);
			runOnlyForDeploymentPostprocessing = 0;
		};
/* End PBXCopyFilesBuildPhase section */

/* Begin PBXFileReference section */
		513D614D1E651B2C00576470 /* tutorial4_6.cpp */ = {isa = PBXFileReference; fileEncoding = 4; lastKnownFileType = sourcecode.cpp.cpp; name = tutorial4_6.cpp; path = "playground-modern/tutorial4_6.cpp"; sourceTree = "<group>"; };
		513D61501E6544E600576470 /* framebuffer.cpp */ = {isa = PBXFileReference; fileEncoding = 4; lastKnownFileType = sourcecode.cpp.cpp; name = framebuffer.cpp; path = "playground-modern/framebuffer.cpp"; sourceTree = "<group>"; };
		513D61521E654F6D00576470 /* fragmentFB.glsl */ = {isa = PBXFileReference; fileEncoding = 4; lastKnownFileType = text; name = fragmentFB.glsl; path = "playground-modern/fragmentFB.glsl"; sourceTree = "<group>"; };
		513D61531E654F6D00576470 /* vertexFB.glsl */ = {isa = PBXFileReference; fileEncoding = 4; lastKnownFileType = text; name = vertexFB.glsl; path = "playground-modern/vertexFB.glsl"; sourceTree = "<group>"; };
		513D61561E67EBD300576470 /* skybox.cpp */ = {isa = PBXFileReference; fileEncoding = 4; lastKnownFileType = sourcecode.cpp.cpp; name = skybox.cpp; path = "playground-modern/skybox.cpp"; sourceTree = "<group>"; };
		513D61581E67EDD700576470 /* resources */ = {isa = PBXFileReference; lastKnownFileType = folder; name = resources; path = "playground-modern/resources"; sourceTree = "<group>"; };
		513D61591E67F0F100576470 /* skybox_vertexshader.glsl */ = {isa = PBXFileReference; fileEncoding = 4; lastKnownFileType = text; name = skybox_vertexshader.glsl; path = "playground-modern/skybox_vertexshader.glsl"; sourceTree = "<group>"; };
		513D615A1E67F19700576470 /* skybox_fragmentshader.glsl */ = {isa = PBXFileReference; fileEncoding = 4; lastKnownFileType = text; name = skybox_fragmentshader.glsl; path = "playground-modern/skybox_fragmentshader.glsl"; sourceTree = "<group>"; };
		513D615D1E68044B00576470 /* Camera.cpp */ = {isa = PBXFileReference; fileEncoding = 4; lastKnownFileType = sourcecode.cpp.cpp; path = Camera.cpp; sourceTree = "<group>"; };
		513D615E1E68044B00576470 /* Camera.hpp */ = {isa = PBXFileReference; fileEncoding = 4; lastKnownFileType = sourcecode.cpp.h; path = Camera.hpp; sourceTree = "<group>"; };
		513D61611E69377900576470 /* environmentmapping.cpp */ = {isa = PBXFileReference; fileEncoding = 4; lastKnownFileType = sourcecode.cpp.cpp; name = environmentmapping.cpp; path = "playground-modern/environmentmapping.cpp"; sourceTree = "<group>"; };
		513D61641E6939F400576470 /* environmentmapping_vertexshader.glsl */ = {isa = PBXFileReference; fileEncoding = 4; lastKnownFileType = text; name = environmentmapping_vertexshader.glsl; path = "playground-modern/environmentmapping_vertexshader.glsl"; sourceTree = "<group>"; };
		5189748A1E6771FE00AE5290 /* stenciloutline.cpp */ = {isa = PBXFileReference; fileEncoding = 4; lastKnownFileType = sourcecode.cpp.cpp; name = stenciloutline.cpp; path = "playground-modern/stenciloutline.cpp"; sourceTree = "<group>"; };
		5189748C1E67793500AE5290 /* fragment_shaderStencil.glsl */ = {isa = PBXFileReference; fileEncoding = 4; lastKnownFileType = text; name = fragment_shaderStencil.glsl; path = "playground-modern/fragment_shaderStencil.glsl"; sourceTree = "<group>"; };
		5192B59D1E5C3C7200CC9A3B /* playground-modern */ = {isa = PBXFileReference; explicitFileType = "compiled.mach-o.executable"; includeInIndex = 0; path = "playground-modern"; sourceTree = BUILT_PRODUCTS_DIR; };
		5192B5A01E5C3C7200CC9A3B /* hellomodern.cpp */ = {isa = PBXFileReference; lastKnownFileType = sourcecode.cpp.cpp; name = hellomodern.cpp; path = "playground-modern/hellomodern.cpp"; sourceTree = "<group>"; };
		51C6CB7C1E5D6A1300225E1F /* multipleshaders.cpp */ = {isa = PBXFileReference; fileEncoding = 4; lastKnownFileType = sourcecode.cpp.cpp; name = multipleshaders.cpp; path = "playground-modern/multipleshaders.cpp"; sourceTree = "<group>"; };
		51C6CB7F1E5D79D600225E1F /* uniform.cpp */ = {isa = PBXFileReference; fileEncoding = 4; lastKnownFileType = sourcecode.cpp.cpp; name = uniform.cpp; path = "playground-modern/uniform.cpp"; sourceTree = "<group>"; };
		51C6CB821E5D7D5A00225E1F /* coord+color.cpp */ = {isa = PBXFileReference; fileEncoding = 4; lastKnownFileType = sourcecode.cpp.cpp; name = "coord+color.cpp"; path = "playground-modern/coord+color.cpp"; sourceTree = "<group>"; };
		51C6CB851E5D816700225E1F /* Shader.cpp */ = {isa = PBXFileReference; fileEncoding = 4; lastKnownFileType = sourcecode.cpp.cpp; path = Shader.cpp; sourceTree = "<group>"; };
		51C6CB861E5D816700225E1F /* Shader.hpp */ = {isa = PBXFileReference; fileEncoding = 4; lastKnownFileType = sourcecode.cpp.h; path = Shader.hpp; sourceTree = "<group>"; };
		51C6CB881E5D864200225E1F /* shaderTest.cpp */ = {isa = PBXFileReference; fileEncoding = 4; lastKnownFileType = sourcecode.cpp.cpp; path = shaderTest.cpp; sourceTree = "<group>"; };
		51C6CB8C1E5E9B4A00225E1F /* camerarevolve.cpp */ = {isa = PBXFileReference; fileEncoding = 4; lastKnownFileType = sourcecode.cpp.cpp; name = camerarevolve.cpp; path = "playground-modern/camerarevolve.cpp"; sourceTree = "<group>"; };
		51C6CB921E5EB50E00225E1F /* cameraTest.cpp */ = {isa = PBXFileReference; fileEncoding = 4; lastKnownFileType = sourcecode.cpp.cpp; path = cameraTest.cpp; sourceTree = "<group>"; };
		51C6CB9B1E5ED9AF00225E1F /* GLNode.cpp */ = {isa = PBXFileReference; fileEncoding = 4; lastKnownFileType = sourcecode.cpp.cpp; path = GLNode.cpp; sourceTree = "<group>"; };
		51C6CB9C1E5ED9AF00225E1F /* GLNode.hpp */ = {isa = PBXFileReference; fileEncoding = 4; lastKnownFileType = sourcecode.cpp.h; path = GLNode.hpp; sourceTree = "<group>"; };
		51C6CB9D1E5ED9AF00225E1F /* objectTest.cpp */ = {isa = PBXFileReference; fileEncoding = 4; lastKnownFileType = sourcecode.cpp.cpp; name = objectTest.cpp; path = "playground-modern/objectTest.cpp"; sourceTree = "<group>"; };
		51C6CBA01E60065D00225E1F /* lighting_fragmentshader.glsl */ = {isa = PBXFileReference; fileEncoding = 4; lastKnownFileType = text; name = lighting_fragmentshader.glsl; path = "playground-modern/lighting_fragmentshader.glsl"; sourceTree = "<group>"; };
		51C6CBA21E6006FD00225E1F /* lighting.cpp */ = {isa = PBXFileReference; fileEncoding = 4; lastKnownFileType = sourcecode.cpp.cpp; name = lighting.cpp; path = "playground-modern/lighting.cpp"; sourceTree = "<group>"; };
		51C6CBA91E60113000225E1F /* lighting_fragmentshader_objects.glsl */ = {isa = PBXFileReference; fileEncoding = 4; lastKnownFileType = text; name = lighting_fragmentshader_objects.glsl; path = "playground-modern/lighting_fragmentshader_objects.glsl"; sourceTree = "<group>"; };
		51C6CBAB1E60121A00225E1F /* lighting_vertexshader.glsl */ = {isa = PBXFileReference; fileEncoding = 4; lastKnownFileType = text; name = lighting_vertexshader.glsl; path = "playground-modern/lighting_vertexshader.glsl"; sourceTree = "<group>"; };
		51C6CBB01E61700700225E1F /* Material.hpp */ = {isa = PBXFileReference; fileEncoding = 4; lastKnownFileType = sourcecode.cpp.h; path = Material.hpp; sourceTree = "<group>"; };
		51C6CBB31E61759B00225E1F /* Material.cpp */ = {isa = PBXFileReference; fileEncoding = 4; lastKnownFileType = sourcecode.cpp.cpp; path = Material.cpp; sourceTree = "<group>"; };
		51C6CBB51E617DC800225E1F /* Light.cpp */ = {isa = PBXFileReference; fileEncoding = 4; lastKnownFileType = sourcecode.cpp.cpp; path = Light.cpp; sourceTree = "<group>"; };
		51C6CBB61E617DC800225E1F /* Light.hpp */ = {isa = PBXFileReference; fileEncoding = 4; lastKnownFileType = sourcecode.cpp.h; path = Light.hpp; sourceTree = "<group>"; };
		51C6CBB81E618C4F00225E1F /* GLTextureNode.cpp */ = {isa = PBXFileReference; fileEncoding = 4; lastKnownFileType = sourcecode.cpp.cpp; path = GLTextureNode.cpp; sourceTree = "<group>"; };
		51C6CBB91E618C4F00225E1F /* GLTextureNode.hpp */ = {isa = PBXFileReference; fileEncoding = 4; lastKnownFileType = sourcecode.cpp.h; path = GLTextureNode.hpp; sourceTree = "<group>"; };
		51C6CBBB1E618C5E00225E1F /* texturelighting.cpp */ = {isa = PBXFileReference; lastKnownFileType = sourcecode.cpp.cpp; name = texturelighting.cpp; path = "playground-modern/texturelighting.cpp"; sourceTree = "<group>"; };
		51C6CBBD1E6272C600225E1F /* TextureMaterial.cpp */ = {isa = PBXFileReference; fileEncoding = 4; lastKnownFileType = sourcecode.cpp.cpp; path = TextureMaterial.cpp; sourceTree = "<group>"; };
		51C6CBBE1E6272C600225E1F /* TextureMaterial.hpp */ = {isa = PBXFileReference; fileEncoding = 4; lastKnownFileType = sourcecode.cpp.h; path = TextureMaterial.hpp; sourceTree = "<group>"; };
		51C6CBC11E62733000225E1F /* Texture.hpp */ = {isa = PBXFileReference; fileEncoding = 4; lastKnownFileType = sourcecode.cpp.h; path = Texture.hpp; sourceTree = "<group>"; };
		51C6CBC61E62893700225E1F /* Texture.cpp */ = {isa = PBXFileReference; fileEncoding = 4; lastKnownFileType = sourcecode.cpp.cpp; path = Texture.cpp; sourceTree = "<group>"; };
		51C6CBCC1E62B4FE00225E1F /* render.gif */ = {isa = PBXFileReference; lastKnownFileType = image.gif; path = render.gif; sourceTree = "<group>"; };
		51C6CBCD1E62C6E900225E1F /* lightcasters.cpp */ = {isa = PBXFileReference; fileEncoding = 4; lastKnownFileType = sourcecode.cpp.cpp; name = lightcasters.cpp; path = "playground-modern/lightcasters.cpp"; sourceTree = "<group>"; };
		51C6CBD41E62D26200225E1F /* specular.jpg */ = {isa = PBXFileReference; lastKnownFileType = image.jpeg; name = specular.jpg; path = "playground-modern/specular.jpg"; sourceTree = "<group>"; };
		51C6CBD61E62D38200225E1F /* wood_diffuse.jpg */ = {isa = PBXFileReference; lastKnownFileType = image.jpeg; name = wood_diffuse.jpg; path = "playground-modern/wood_diffuse.jpg"; sourceTree = "<group>"; };
		51C6CBD71E62D38200225E1F /* wood_spec.jpg */ = {isa = PBXFileReference; lastKnownFileType = image.jpeg; name = wood_spec.jpg; path = "playground-modern/wood_spec.jpg"; sourceTree = "<group>"; };
		51F36AC71E5CEE8000210C78 /* vertex_shader.glsl */ = {isa = PBXFileReference; fileEncoding = 4; lastKnownFileType = text; name = vertex_shader.glsl; path = "playground-modern/vertex_shader.glsl"; sourceTree = "<group>"; };
		51F36AC81E5CF0F200210C78 /* fragment_shader.glsl */ = {isa = PBXFileReference; fileEncoding = 4; lastKnownFileType = text; name = fragment_shader.glsl; path = "playground-modern/fragment_shader.glsl"; sourceTree = "<group>"; };
		51F36ACF1E5E0C5B00210C78 /* textureexample.cpp */ = {isa = PBXFileReference; fileEncoding = 4; lastKnownFileType = sourcecode.cpp.cpp; name = textureexample.cpp; path = "playground-modern/textureexample.cpp"; sourceTree = "<group>"; };
		51F36AD61E5E136A00210C78 /* vertex_shaderTexture.glsl */ = {isa = PBXFileReference; fileEncoding = 4; lastKnownFileType = text; name = vertex_shaderTexture.glsl; path = "playground-modern/vertex_shaderTexture.glsl"; sourceTree = "<group>"; };
		51F36AD71E5E138000210C78 /* fragment_shaderTexture.glsl */ = {isa = PBXFileReference; fileEncoding = 4; lastKnownFileType = text; name = fragment_shaderTexture.glsl; path = "playground-modern/fragment_shaderTexture.glsl"; sourceTree = "<group>"; };
		51F36AE01E5E1FB900210C78 /* texture1.jpg */ = {isa = PBXFileReference; lastKnownFileType = image.jpeg; name = texture1.jpg; path = "playground-modern/texture1.jpg"; sourceTree = "<group>"; };
		51F36AE21E5E20E500210C78 /* texture2.jpg */ = {isa = PBXFileReference; lastKnownFileType = image.jpeg; name = texture2.jpg; path = "playground-modern/texture2.jpg"; sourceTree = "<group>"; };
		51F36AE51E5E319800210C78 /* transform.cpp */ = {isa = PBXFileReference; fileEncoding = 4; lastKnownFileType = sourcecode.cpp.cpp; name = transform.cpp; path = "playground-modern/transform.cpp"; sourceTree = "<group>"; };
		51F36AE71E5E31A700210C78 /* fragment_shaderTranslate.glsl */ = {isa = PBXFileReference; fileEncoding = 4; lastKnownFileType = text; name = fragment_shaderTranslate.glsl; path = "playground-modern/fragment_shaderTranslate.glsl"; sourceTree = "<group>"; };
		51F36AE81E5E31A700210C78 /* vertex_shaderTranslate.glsl */ = {isa = PBXFileReference; fileEncoding = 4; lastKnownFileType = text; name = vertex_shaderTranslate.glsl; path = "playground-modern/vertex_shaderTranslate.glsl"; sourceTree = "<group>"; };
		51F36AEC1E5E4C4500210C78 /* cameraview.cpp */ = {isa = PBXFileReference; fileEncoding = 4; lastKnownFileType = sourcecode.cpp.cpp; name = cameraview.cpp; path = "playground-modern/cameraview.cpp"; sourceTree = "<group>"; };
		51F36AEE1E5E4C8B00210C78 /* fragment_shaderCamera.glsl */ = {isa = PBXFileReference; fileEncoding = 4; lastKnownFileType = text; name = fragment_shaderCamera.glsl; path = "playground-modern/fragment_shaderCamera.glsl"; sourceTree = "<group>"; };
		51F36AEF1E5E4C8B00210C78 /* vertex_shaderCamera.glsl */ = {isa = PBXFileReference; fileEncoding = 4; lastKnownFileType = text; name = vertex_shaderCamera.glsl; path = "playground-modern/vertex_shaderCamera.glsl"; sourceTree = "<group>"; };
		51F36AF21E5FB72500210C78 /* render.png */ = {isa = PBXFileReference; lastKnownFileType = image.png; path = render.png; sourceTree = "<group>"; };
		51F36AF41E64D0CF00210C78 /* tutorial1_2.cpp */ = {isa = PBXFileReference; fileEncoding = 4; lastKnownFileType = sourcecode.cpp.cpp; name = tutorial1_2.cpp; path = "playground-modern/tutorial1_2.cpp"; sourceTree = "<group>"; };
		51F36AF71E64DC0E00210C78 /* vertex.glsl */ = {isa = PBXFileReference; fileEncoding = 4; lastKnownFileType = text; name = vertex.glsl; path = "playground-modern/vertex.glsl"; sourceTree = "<group>"; };
		51F36AF81E64DC1F00210C78 /* fragment.glsl */ = {isa = PBXFileReference; fileEncoding = 4; lastKnownFileType = text; name = fragment.glsl; path = "playground-modern/fragment.glsl"; sourceTree = "<group>"; };
		51F36AF91E64E77C00210C78 /* tutorial3.cpp */ = {isa = PBXFileReference; fileEncoding = 4; lastKnownFileType = sourcecode.cpp.cpp; name = tutorial3.cpp; path = "playground-modern/tutorial3.cpp"; sourceTree = "<group>"; };
		51F36AFB1E64F51E00210C78 /* fragment1.glsl */ = {isa = PBXFileReference; fileEncoding = 4; lastKnownFileType = text; name = fragment1.glsl; path = "playground-modern/fragment1.glsl"; sourceTree = "<group>"; };
		51F36AFC1E64F51E00210C78 /* vertex1.glsl */ = {isa = PBXFileReference; fileEncoding = 4; lastKnownFileType = text; name = vertex1.glsl; path = "playground-modern/vertex1.glsl"; sourceTree = "<group>"; };
/* End PBXFileReference section */

/* Begin PBXFrameworksBuildPhase section */
		5192B59A1E5C3C7200CC9A3B /* Frameworks */ = {
			isa = PBXFrameworksBuildPhase;
			buildActionMask = 2147483647;
			files = (
			);
			runOnlyForDeploymentPostprocessing = 0;
		};
/* End PBXFrameworksBuildPhase section */

/* Begin PBXGroup section */
		513D614F1E651CD700576470 /* textures */ = {
			isa = PBXGroup;
			children = (
				51F36AF21E5FB72500210C78 /* render.png */,
				51C6CBCC1E62B4FE00225E1F /* render.gif */,
				51C6CBD61E62D38200225E1F /* wood_diffuse.jpg */,
				51C6CBD71E62D38200225E1F /* wood_spec.jpg */,
				51F36AE01E5E1FB900210C78 /* texture1.jpg */,
				51F36AE21E5E20E500210C78 /* texture2.jpg */,
				51C6CBD41E62D26200225E1F /* specular.jpg */,
			);
			name = textures;
			sourceTree = "<group>";
		};
		5189748E1E6781E600AE5290 /* learnopengl.com */ = {
			isa = PBXGroup;
			children = (
				513D614F1E651CD700576470 /* textures */,
				51C6CBA11E6006BA00225E1F /* shaders */,
				5192B5A01E5C3C7200CC9A3B /* hellomodern.cpp */,
				51C6CB7C1E5D6A1300225E1F /* multipleshaders.cpp */,
				51C6CBA21E6006FD00225E1F /* lighting.cpp */,
				51C6CBBB1E618C5E00225E1F /* texturelighting.cpp */,
				51C6CBCD1E62C6E900225E1F /* lightcasters.cpp */,
				51F36AEC1E5E4C4500210C78 /* cameraview.cpp */,
				51C6CB8C1E5E9B4A00225E1F /* camerarevolve.cpp */,
				51C6CB821E5D7D5A00225E1F /* coord+color.cpp */,
				51C6CB7F1E5D79D600225E1F /* uniform.cpp */,
				51F36AE51E5E319800210C78 /* transform.cpp */,
				51F36ACF1E5E0C5B00210C78 /* textureexample.cpp */,
				51C6CB9D1E5ED9AF00225E1F /* objectTest.cpp */,
				5189748A1E6771FE00AE5290 /* stenciloutline.cpp */,
				513D61561E67EBD300576470 /* skybox.cpp */,
				513D61611E69377900576470 /* environmentmapping.cpp */,
			);
			name = learnopengl.com;
			path = ..;
			sourceTree = "<group>";
		};
		5192B5941E5C3C7200CC9A3B = {
			isa = PBXGroup;
			children = (
				513D61581E67EDD700576470 /* resources */,
				51C6CB841E5D811C00225E1F /* util */,
				5192B59F1E5C3C7200CC9A3B /* playground-modern */,
				5192B59E1E5C3C7200CC9A3B /* Products */,
			);
			sourceTree = "<group>";
		};
		5192B59E1E5C3C7200CC9A3B /* Products */ = {
			isa = PBXGroup;
			children = (
				5192B59D1E5C3C7200CC9A3B /* playground-modern */,
			);
			name = Products;
			sourceTree = "<group>";
		};
		5192B59F1E5C3C7200CC9A3B /* playground-modern */ = {
			isa = PBXGroup;
			children = (
				5189748E1E6781E600AE5290 /* learnopengl.com */,
				51F36AF31E64CC5100210C78 /* opengl-tutorial.com */,
			);
			path = "playground-modern";
			sourceTree = "<group>";
		};
		51C6CB841E5D811C00225E1F /* util */ = {
			isa = PBXGroup;
			children = (
				51C6CB9B1E5ED9AF00225E1F /* GLNode.cpp */,
				51C6CB9C1E5ED9AF00225E1F /* GLNode.hpp */,
				51C6CB851E5D816700225E1F /* Shader.cpp */,
				51C6CB861E5D816700225E1F /* Shader.hpp */,
				51C6CB881E5D864200225E1F /* shaderTest.cpp */,
				51C6CB921E5EB50E00225E1F /* cameraTest.cpp */,
				513D615D1E68044B00576470 /* Camera.cpp */,
				513D615E1E68044B00576470 /* Camera.hpp */,
				51C6CBB01E61700700225E1F /* Material.hpp */,
				51C6CBB31E61759B00225E1F /* Material.cpp */,
				51C6CBB51E617DC800225E1F /* Light.cpp */,
				51C6CBB61E617DC800225E1F /* Light.hpp */,
				51C6CBB81E618C4F00225E1F /* GLTextureNode.cpp */,
				51C6CBB91E618C4F00225E1F /* GLTextureNode.hpp */,
				51C6CBBD1E6272C600225E1F /* TextureMaterial.cpp */,
				51C6CBBE1E6272C600225E1F /* TextureMaterial.hpp */,
				51C6CBC61E62893700225E1F /* Texture.cpp */,
				51C6CBC11E62733000225E1F /* Texture.hpp */,
			);
			name = util;
			path = "playground-modern";
			sourceTree = "<group>";
		};
		51C6CBA11E6006BA00225E1F /* shaders */ = {
			isa = PBXGroup;
			children = (
				51F36AEF1E5E4C8B00210C78 /* vertex_shaderCamera.glsl */,
				51F36AEE1E5E4C8B00210C78 /* fragment_shaderCamera.glsl */,
				51F36AE81E5E31A700210C78 /* vertex_shaderTranslate.glsl */,
				51F36AE71E5E31A700210C78 /* fragment_shaderTranslate.glsl */,
				51F36AD61E5E136A00210C78 /* vertex_shaderTexture.glsl */,
				51F36AD71E5E138000210C78 /* fragment_shaderTexture.glsl */,
				51F36AC81E5CF0F200210C78 /* fragment_shader.glsl */,
				51F36AC71E5CEE8000210C78 /* vertex_shader.glsl */,
				5189748C1E67793500AE5290 /* fragment_shaderStencil.glsl */,
				51C6CBAB1E60121A00225E1F /* lighting_vertexshader.glsl */,
				51C6CBA01E60065D00225E1F /* lighting_fragmentshader.glsl */,
				51C6CBA91E60113000225E1F /* lighting_fragmentshader_objects.glsl */,
				513D61591E67F0F100576470 /* skybox_vertexshader.glsl */,
				513D615A1E67F19700576470 /* skybox_fragmentshader.glsl */,
				513D61641E6939F400576470 /* environmentmapping_vertexshader.glsl */,
			);
			name = shaders;
			sourceTree = "<group>";
		};
		51F36AF31E64CC5100210C78 /* opengl-tutorial.com */ = {
			isa = PBXGroup;
			children = (
				51F36AF61E64DBE400210C78 /* shaders */,
				51F36AF41E64D0CF00210C78 /* tutorial1_2.cpp */,
				51F36AF91E64E77C00210C78 /* tutorial3.cpp */,
				513D614D1E651B2C00576470 /* tutorial4_6.cpp */,
				513D61501E6544E600576470 /* framebuffer.cpp */,
			);
			name = "opengl-tutorial.com";
			path = ..;
			sourceTree = "<group>";
		};
		51F36AF61E64DBE400210C78 /* shaders */ = {
			isa = PBXGroup;
			children = (
				51F36AF71E64DC0E00210C78 /* vertex.glsl */,
				51F36AF81E64DC1F00210C78 /* fragment.glsl */,
				51F36AFC1E64F51E00210C78 /* vertex1.glsl */,
				51F36AFB1E64F51E00210C78 /* fragment1.glsl */,
				513D61531E654F6D00576470 /* vertexFB.glsl */,
				513D61521E654F6D00576470 /* fragmentFB.glsl */,
			);
			name = shaders;
			sourceTree = "<group>";
		};
/* End PBXGroup section */

/* Begin PBXNativeTarget section */
		5192B59C1E5C3C7200CC9A3B /* playground-modern */ = {
			isa = PBXNativeTarget;
			buildConfigurationList = 5192B5A41E5C3C7200CC9A3B /* Build configuration list for PBXNativeTarget "playground-modern" */;
			buildPhases = (
				5192B5991E5C3C7200CC9A3B /* Sources */,
				5192B59A1E5C3C7200CC9A3B /* Frameworks */,
				5192B59B1E5C3C7200CC9A3B /* CopyFiles */,
			);
			buildRules = (
			);
			dependencies = (
			);
			name = "playground-modern";
			productName = "playground-modern";
			productReference = 5192B59D1E5C3C7200CC9A3B /* playground-modern */;
			productType = "com.apple.product-type.tool";
		};
/* End PBXNativeTarget section */

/* Begin PBXProject section */
		5192B5951E5C3C7200CC9A3B /* Project object */ = {
			isa = PBXProject;
			attributes = {
				LastUpgradeCheck = 0820;
				ORGANIZATIONNAME = "Terna Kpamber";
				TargetAttributes = {
					5192B59C1E5C3C7200CC9A3B = {
						CreatedOnToolsVersion = 8.2.1;
						ProvisioningStyle = Automatic;
					};
				};
			};
			buildConfigurationList = 5192B5981E5C3C7200CC9A3B /* Build configuration list for PBXProject "playground-modern" */;
			compatibilityVersion = "Xcode 3.2";
			developmentRegion = English;
			hasScannedForEncodings = 0;
			knownRegions = (
				en,
			);
			mainGroup = 5192B5941E5C3C7200CC9A3B;
			productRefGroup = 5192B59E1E5C3C7200CC9A3B /* Products */;
			projectDirPath = "";
			projectRoot = "";
			targets = (
				5192B59C1E5C3C7200CC9A3B /* playground-modern */,
			);
		};
/* End PBXProject section */

/* Begin PBXSourcesBuildPhase section */
		5192B5991E5C3C7200CC9A3B /* Sources */ = {
			isa = PBXSourcesBuildPhase;
			buildActionMask = 2147483647;
			files = (
				51C6CBB71E617DC800225E1F /* Light.cpp in Sources */,
				51C6CBA61E600B2900225E1F /* GLNode.cpp in Sources */,
				513D61661E6939F400576470 /* environmentmapping_vertexshader.glsl in Sources */,
				51C6CBBA1E618C4F00225E1F /* GLTextureNode.cpp in Sources */,
				513D61631E69377900576470 /* environmentmapping.cpp in Sources */,
				51C6CBC71E62893700225E1F /* Texture.cpp in Sources */,
				513D615F1E68044B00576470 /* Camera.cpp in Sources */,
				51C6CBBF1E6272C600225E1F /* TextureMaterial.cpp in Sources */,
				51C6CB871E5D816700225E1F /* Shader.cpp in Sources */,
				51C6CBB41E61759B00225E1F /* Material.cpp in Sources */,
			);
			runOnlyForDeploymentPostprocessing = 0;
		};
/* End PBXSourcesBuildPhase section */

/* Begin XCBuildConfiguration section */
		5192B5A21E5C3C7200CC9A3B /* Debug */ = {
			isa = XCBuildConfiguration;
			buildSettings = {
				ALWAYS_SEARCH_USER_PATHS = NO;
				CLANG_ANALYZER_NONNULL = YES;
				CLANG_CXX_LANGUAGE_STANDARD = "gnu++0x";
				CLANG_CXX_LIBRARY = "libc++";
				CLANG_ENABLE_MODULES = YES;
				CLANG_ENABLE_OBJC_ARC = YES;
				CLANG_WARN_BOOL_CONVERSION = YES;
				CLANG_WARN_CONSTANT_CONVERSION = YES;
				CLANG_WARN_DIRECT_OBJC_ISA_USAGE = YES_ERROR;
				CLANG_WARN_DOCUMENTATION_COMMENTS = YES;
				CLANG_WARN_EMPTY_BODY = YES;
				CLANG_WARN_ENUM_CONVERSION = YES;
				CLANG_WARN_INFINITE_RECURSION = YES;
				CLANG_WARN_INT_CONVERSION = YES;
				CLANG_WARN_OBJC_ROOT_CLASS = YES_ERROR;
				CLANG_WARN_SUSPICIOUS_MOVE = YES;
				CLANG_WARN_UNREACHABLE_CODE = YES;
				CLANG_WARN__DUPLICATE_METHOD_MATCH = YES;
				CODE_SIGN_IDENTITY = "-";
				COPY_PHASE_STRIP = NO;
				DEBUG_INFORMATION_FORMAT = dwarf;
				ENABLE_STRICT_OBJC_MSGSEND = YES;
				ENABLE_TESTABILITY = YES;
				GCC_C_LANGUAGE_STANDARD = gnu99;
				GCC_DYNAMIC_NO_PIC = NO;
				GCC_NO_COMMON_BLOCKS = YES;
				GCC_OPTIMIZATION_LEVEL = 0;
				GCC_PREPROCESSOR_DEFINITIONS = (
					"DEBUG=1",
					"$(inherited)",
				);
				GCC_WARN_64_TO_32_BIT_CONVERSION = YES;
				GCC_WARN_ABOUT_RETURN_TYPE = YES_ERROR;
				GCC_WARN_UNDECLARED_SELECTOR = YES;
				GCC_WARN_UNINITIALIZED_AUTOS = YES_AGGRESSIVE;
				GCC_WARN_UNUSED_FUNCTION = YES;
				GCC_WARN_UNUSED_VARIABLE = YES;
				MACOSX_DEPLOYMENT_TARGET = 10.12;
				MTL_ENABLE_DEBUG_INFO = YES;
				ONLY_ACTIVE_ARCH = YES;
				SDKROOT = macosx;
			};
			name = Debug;
		};
		5192B5A31E5C3C7200CC9A3B /* Release */ = {
			isa = XCBuildConfiguration;
			buildSettings = {
				ALWAYS_SEARCH_USER_PATHS = NO;
				CLANG_ANALYZER_NONNULL = YES;
				CLANG_CXX_LANGUAGE_STANDARD = "gnu++0x";
				CLANG_CXX_LIBRARY = "libc++";
				CLANG_ENABLE_MODULES = YES;
				CLANG_ENABLE_OBJC_ARC = YES;
				CLANG_WARN_BOOL_CONVERSION = YES;
				CLANG_WARN_CONSTANT_CONVERSION = YES;
				CLANG_WARN_DIRECT_OBJC_ISA_USAGE = YES_ERROR;
				CLANG_WARN_DOCUMENTATION_COMMENTS = YES;
				CLANG_WARN_EMPTY_BODY = YES;
				CLANG_WARN_ENUM_CONVERSION = YES;
				CLANG_WARN_INFINITE_RECURSION = YES;
				CLANG_WARN_INT_CONVERSION = YES;
				CLANG_WARN_OBJC_ROOT_CLASS = YES_ERROR;
				CLANG_WARN_SUSPICIOUS_MOVE = YES;
				CLANG_WARN_UNREACHABLE_CODE = YES;
				CLANG_WARN__DUPLICATE_METHOD_MATCH = YES;
				CODE_SIGN_IDENTITY = "-";
				COPY_PHASE_STRIP = NO;
				DEBUG_INFORMATION_FORMAT = "dwarf-with-dsym";
				ENABLE_NS_ASSERTIONS = NO;
				ENABLE_STRICT_OBJC_MSGSEND = YES;
				GCC_C_LANGUAGE_STANDARD = gnu99;
				GCC_NO_COMMON_BLOCKS = YES;
				GCC_WARN_64_TO_32_BIT_CONVERSION = YES;
				GCC_WARN_ABOUT_RETURN_TYPE = YES_ERROR;
				GCC_WARN_UNDECLARED_SELECTOR = YES;
				GCC_WARN_UNINITIALIZED_AUTOS = YES_AGGRESSIVE;
				GCC_WARN_UNUSED_FUNCTION = YES;
				GCC_WARN_UNUSED_VARIABLE = YES;
				MACOSX_DEPLOYMENT_TARGET = 10.12;
				MTL_ENABLE_DEBUG_INFO = NO;
				SDKROOT = macosx;
			};
			name = Release;
		};
		5192B5A51E5C3C7200CC9A3B /* Debug */ = {
			isa = XCBuildConfiguration;
			buildSettings = {
				CLANG_WARN_DOCUMENTATION_COMMENTS = NO;
				GCC_PREPROCESSOR_DEFINITIONS = (
					"DEBUG=1",
					"SRC=\\\"$(PROJECT_DIR)\\\"",
				);
				HEADER_SEARCH_PATHS = /usr/local/include;
				INFOPLIST_PREPROCESSOR_DEFINITIONS = "";
				LIBRARY_SEARCH_PATHS = /usr/local/lib;
				OTHER_LDFLAGS = (
					"-lSOIL",
					"-lglfw",
					"-lGLEW",
					"-framework",
					OPENGL,
					"-framework",
					CoreFoundation,
				);
				PRODUCT_NAME = "$(TARGET_NAME)";
			};
			name = Debug;
		};
		5192B5A61E5C3C7200CC9A3B /* Release */ = {
			isa = XCBuildConfiguration;
			buildSettings = {
				CLANG_WARN_DOCUMENTATION_COMMENTS = NO;
				GCC_PREPROCESSOR_DEFINITIONS = (
					"DEBUG=1",
					"SRC=\\\"$(PROJECT_DIR)\\\"",
				);
				HEADER_SEARCH_PATHS = /usr/local/include;
				INFOPLIST_PREPROCESSOR_DEFINITIONS = "";
				LIBRARY_SEARCH_PATHS = /usr/local/lib;
				OTHER_LDFLAGS = (
					"-lSOIL",
					"-lglfw",
					"-lGLEW",
					"-framework",
					OPENGL,
					"-framework",
					CoreFoundation,
				);
				PRODUCT_NAME = "$(TARGET_NAME)";
			};
			name = Release;
		};
/* End XCBuildConfiguration section */

/* Begin XCConfigurationList section */
		5192B5981E5C3C7200CC9A3B /* Build configuration list for PBXProject "playground-modern" */ = {
			isa = XCConfigurationList;
			buildConfigurations = (
				5192B5A21E5C3C7200CC9A3B /* Debug */,
				5192B5A31E5C3C7200CC9A3B /* Release */,
			);
			defaultConfigurationIsVisible = 0;
			defaultConfigurationName = Release;
		};
		5192B5A41E5C3C7200CC9A3B /* Build configuration list for PBXNativeTarget "playground-modern" */ = {
			isa = XCConfigurationList;
			buildConfigurations = (
				5192B5A51E5C3C7200CC9A3B /* Debug */,
				5192B5A61E5C3C7200CC9A3B /* Release */,
			);
			defaultConfigurationIsVisible = 0;
			defaultConfigurationName = Release;
		};
/* End XCConfigurationList section */
	};
	rootObject = 5192B5951E5C3C7200CC9A3B /* Project object */;
}
